
Microsoft Visual Studio Solution File, Format Version 12.00
# Visual Studio Version 16
VisualStudioVersion = 16.0.31624.102
MinimumVisualStudioVersion = 10.0.40219.1
Project("{FAE04EC0-301F-11D3-BF4B-00C04F79EFBC}") = "FurnitureStoreApp", "FurnitureStoreApp.csproj", "{23359ECE-498D-434B-A1D4-A690E6C52A3C}"
EndProject
Global
	GlobalSection(SolutionConfigurationPlatforms) = preSolution
		Debug|Any CPU = Debug|Any CPU
		Release|Any CPU = Release|Any CPU
	EndGlobalSection
	GlobalSection(ProjectConfigurationPlatforms) = postSolution
		{23359ECE-498D-434B-A1D4-A690E6C52A3C}.Debug|Any CPU.ActiveCfg = Debug|Any CPU
		{23359ECE-498D-434B-A1D4-A690E6C52A3C}.Debug|Any CPU.Build.0 = Debug|Any CPU
		{23359ECE-498D-434B-A1D4-A690E6C52A3C}.Release|Any CPU.ActiveCfg = Release|Any CPU
		{23359ECE-498D-434B-A1D4-A690E6C52A3C}.Release|Any CPU.Build.0 = Release|Any CPU
	EndGlobalSection
	GlobalSection(SolutionProperties) = preSolution
		HideSolutionNode = FALSE
	EndGlobalSection
	GlobalSection(ExtensibilityGlobals) = postSolution
		SolutionGuid = {17CCE60E-C034-4A34-B521-F04333A628A8}
	EndGlobalSection
EndGlobal
